
Microsoft Visual Studio Solution File, Format Version 12.00
# Visual Studio Version 17
VisualStudioVersion = 17.11.35219.272
MinimumVisualStudioVersion = 10.0.40219.1
Project("{2150E333-8FDC-42A3-9474-1A3956D46DE8}") = "src", "src", "{4FE69F5B-415F-4652-AD84-2297772FDB4D}"
EndProject
Project("{FAE04EC0-301F-11D3-BF4B-00C04F79EFBC}") = "UI", "UI\UI.csproj", "{4FDB5445-5DAC-4D9B-B4A9-0719300D8697}"
EndProject
Project("{FAE04EC0-301F-11D3-BF4B-00C04F79EFBC}") = "ApiGateway", "ApiGateway\ApiGateway.csproj", "{614D86D6-C3DD-4BD8-A597-52D8A6EB1044}"
EndProject
Project("{FAE04EC0-301F-11D3-BF4B-00C04F79EFBC}") = "BudgetManager", "BudgetManager\BudgetManager.csproj", "{DFCD7D3F-ED91-4CEF-938D-9AD56E10B188}"
EndProject
Global
	GlobalSection(SolutionConfigurationPlatforms) = preSolution
		Debug|Any CPU = Debug|Any CPU
		Release|Any CPU = Release|Any CPU
	EndGlobalSection
	GlobalSection(ProjectConfigurationPlatforms) = postSolution
		{4FDB5445-5DAC-4D9B-B4A9-0719300D8697}.Debug|Any CPU.ActiveCfg = Debug|Any CPU
		{4FDB5445-5DAC-4D9B-B4A9-0719300D8697}.Debug|Any CPU.Build.0 = Debug|Any CPU
		{4FDB5445-5DAC-4D9B-B4A9-0719300D8697}.Release|Any CPU.ActiveCfg = Release|Any CPU
		{4FDB5445-5DAC-4D9B-B4A9-0719300D8697}.Release|Any CPU.Build.0 = Release|Any CPU
		{614D86D6-C3DD-4BD8-A597-52D8A6EB1044}.Debug|Any CPU.ActiveCfg = Debug|Any CPU
		{614D86D6-C3DD-4BD8-A597-52D8A6EB1044}.Debug|Any CPU.Build.0 = Debug|Any CPU
		{614D86D6-C3DD-4BD8-A597-52D8A6EB1044}.Release|Any CPU.ActiveCfg = Release|Any CPU
		{614D86D6-C3DD-4BD8-A597-52D8A6EB1044}.Release|Any CPU.Build.0 = Release|Any CPU
		{DFCD7D3F-ED91-4CEF-938D-9AD56E10B188}.Debug|Any CPU.ActiveCfg = Debug|Any CPU
		{DFCD7D3F-ED91-4CEF-938D-9AD56E10B188}.Debug|Any CPU.Build.0 = Debug|Any CPU
		{DFCD7D3F-ED91-4CEF-938D-9AD56E10B188}.Release|Any CPU.ActiveCfg = Release|Any CPU
		{DFCD7D3F-ED91-4CEF-938D-9AD56E10B188}.Release|Any CPU.Build.0 = Release|Any CPU
	EndGlobalSection
	GlobalSection(SolutionProperties) = preSolution
		HideSolutionNode = FALSE
	EndGlobalSection
	GlobalSection(NestedProjects) = preSolution
		{4FDB5445-5DAC-4D9B-B4A9-0719300D8697} = {4FE69F5B-415F-4652-AD84-2297772FDB4D}
		{614D86D6-C3DD-4BD8-A597-52D8A6EB1044} = {4FE69F5B-415F-4652-AD84-2297772FDB4D}
		{DFCD7D3F-ED91-4CEF-938D-9AD56E10B188} = {4FE69F5B-415F-4652-AD84-2297772FDB4D}
	EndGlobalSection
	GlobalSection(ExtensibilityGlobals) = postSolution
		SolutionGuid = {9CC4BEBA-048E-467D-9CA9-DB90775B49C9}
	EndGlobalSection
EndGlobal
