
Microsoft Visual Studio Solution File, Format Version 12.00
# Visual Studio Version 17
VisualStudioVersion = 17.11.35219.272
MinimumVisualStudioVersion = 10.0.40219.1
Project("{2150E333-8FDC-42A3-9474-1A3956D46DE8}") = "src", "src", "{4FE69F5B-415F-4652-AD84-2297772FDB4D}"
EndProject
Project("{9A19103F-16F7-4668-BE54-9A1E7A4F7556}") = "UI", "UI\UI.csproj", "{4FDB5445-5DAC-4D9B-B4A9-0719300D8697}"
EndProject
Project("{9A19103F-16F7-4668-BE54-9A1E7A4F7556}") = "ApiGateway", "ApiGateway\ApiGateway.csproj", "{614D86D6-C3DD-4BD8-A597-52D8A6EB1044}"
EndProject
Project("{9A19103F-16F7-4668-BE54-9A1E7A4F7556}") = "BudgetManager", "BudgetManager\BudgetManager.csproj", "{DFCD7D3F-ED91-4CEF-938D-9AD56E10B188}"
EndProject
Project("{FAE04EC0-301F-11D3-BF4B-00C04F79EFBC}") = "IdentityManager", "IdentityManager\IdentityManager.csproj", "{1405785D-6E57-4923-A0AE-10DC0F3745D9}"
EndProject
Project("{2150E333-8FDC-42A3-9474-1A3956D46DE8}") = "tests", "tests", "{E5F9FB60-B975-47A6-BAC0-9D117851926B}"
EndProject
Project("{2150E333-8FDC-42A3-9474-1A3956D46DE8}") = "BudgetManager", "BudgetManager", "{EB5816B7-9C37-4A46-A947-BDC859B30798}"
EndProject
Project("{2150E333-8FDC-42A3-9474-1A3956D46DE8}") = "UnitTests", "UnitTests", "{611D8730-F64C-4100-8136-867C86FEF0C1}"
EndProject
Project("{FAE04EC0-301F-11D3-BF4B-00C04F79EFBC}") = "RepositoriesTests", "RepositoriesTests\RepositoriesTests.csproj", "{DC5DD344-A711-4FB6-91D3-5733063F03EC}"
EndProject
Project("{FAE04EC0-301F-11D3-BF4B-00C04F79EFBC}") = "ServicesTests", "ServicesTests\ServicesTests.csproj", "{6939FDCF-E6F2-41F4-A74D-AB44B9CF1BBD}"
EndProject
Project("{FAE04EC0-301F-11D3-BF4B-00C04F79EFBC}") = "MappersTests", "MappersTests\MappersTests.csproj", "{7608838E-4F64-4F7E-A53B-7FC9729992B4}"
EndProject
Project("{FAE04EC0-301F-11D3-BF4B-00C04F79EFBC}") = "MiddlewaresTests", "MiddlewaresTests\MiddlewaresTests.csproj", "{272FEAD2-D847-4DA7-8E33-7D89D95EC8D2}"
EndProject
Project("{2150E333-8FDC-42A3-9474-1A3956D46DE8}") = "IdentityManager", "IdentityManager", "{5A18F193-D402-4AAC-BC8F-BE8EC8AE46C1}"
EndProject
Project("{FAE04EC0-301F-11D3-BF4B-00C04F79EFBC}") = "ServicesTests.cs", "ServicesTests.cs\ServicesTests.cs.csproj", "{B5BD9B5A-025E-44C7-922A-976A06D91ACD}"
EndProject
Global
	GlobalSection(SolutionConfigurationPlatforms) = preSolution
		Debug|Any CPU = Debug|Any CPU
		Release|Any CPU = Release|Any CPU
	EndGlobalSection
	GlobalSection(ProjectConfigurationPlatforms) = postSolution
		{4FDB5445-5DAC-4D9B-B4A9-0719300D8697}.Debug|Any CPU.ActiveCfg = Debug|Any CPU
		{4FDB5445-5DAC-4D9B-B4A9-0719300D8697}.Debug|Any CPU.Build.0 = Debug|Any CPU
		{4FDB5445-5DAC-4D9B-B4A9-0719300D8697}.Release|Any CPU.ActiveCfg = Release|Any CPU
		{4FDB5445-5DAC-4D9B-B4A9-0719300D8697}.Release|Any CPU.Build.0 = Release|Any CPU
		{614D86D6-C3DD-4BD8-A597-52D8A6EB1044}.Debug|Any CPU.ActiveCfg = Debug|Any CPU
		{614D86D6-C3DD-4BD8-A597-52D8A6EB1044}.Debug|Any CPU.Build.0 = Debug|Any CPU
		{614D86D6-C3DD-4BD8-A597-52D8A6EB1044}.Release|Any CPU.ActiveCfg = Release|Any CPU
		{614D86D6-C3DD-4BD8-A597-52D8A6EB1044}.Release|Any CPU.Build.0 = Release|Any CPU
		{DFCD7D3F-ED91-4CEF-938D-9AD56E10B188}.Debug|Any CPU.ActiveCfg = Debug|Any CPU
		{DFCD7D3F-ED91-4CEF-938D-9AD56E10B188}.Debug|Any CPU.Build.0 = Debug|Any CPU
		{DFCD7D3F-ED91-4CEF-938D-9AD56E10B188}.Release|Any CPU.ActiveCfg = Release|Any CPU
		{DFCD7D3F-ED91-4CEF-938D-9AD56E10B188}.Release|Any CPU.Build.0 = Release|Any CPU
		{1405785D-6E57-4923-A0AE-10DC0F3745D9}.Debug|Any CPU.ActiveCfg = Debug|Any CPU
		{1405785D-6E57-4923-A0AE-10DC0F3745D9}.Debug|Any CPU.Build.0 = Debug|Any CPU
		{1405785D-6E57-4923-A0AE-10DC0F3745D9}.Release|Any CPU.ActiveCfg = Release|Any CPU
		{1405785D-6E57-4923-A0AE-10DC0F3745D9}.Release|Any CPU.Build.0 = Release|Any CPU
		{DC5DD344-A711-4FB6-91D3-5733063F03EC}.Debug|Any CPU.ActiveCfg = Debug|Any CPU
		{DC5DD344-A711-4FB6-91D3-5733063F03EC}.Debug|Any CPU.Build.0 = Debug|Any CPU
		{DC5DD344-A711-4FB6-91D3-5733063F03EC}.Release|Any CPU.ActiveCfg = Release|Any CPU
		{DC5DD344-A711-4FB6-91D3-5733063F03EC}.Release|Any CPU.Build.0 = Release|Any CPU
		{6939FDCF-E6F2-41F4-A74D-AB44B9CF1BBD}.Debug|Any CPU.ActiveCfg = Debug|Any CPU
		{6939FDCF-E6F2-41F4-A74D-AB44B9CF1BBD}.Debug|Any CPU.Build.0 = Debug|Any CPU
		{6939FDCF-E6F2-41F4-A74D-AB44B9CF1BBD}.Release|Any CPU.ActiveCfg = Release|Any CPU
		{6939FDCF-E6F2-41F4-A74D-AB44B9CF1BBD}.Release|Any CPU.Build.0 = Release|Any CPU
		{7608838E-4F64-4F7E-A53B-7FC9729992B4}.Debug|Any CPU.ActiveCfg = Debug|Any CPU
		{7608838E-4F64-4F7E-A53B-7FC9729992B4}.Debug|Any CPU.Build.0 = Debug|Any CPU
		{7608838E-4F64-4F7E-A53B-7FC9729992B4}.Release|Any CPU.ActiveCfg = Release|Any CPU
		{7608838E-4F64-4F7E-A53B-7FC9729992B4}.Release|Any CPU.Build.0 = Release|Any CPU
		{272FEAD2-D847-4DA7-8E33-7D89D95EC8D2}.Debug|Any CPU.ActiveCfg = Debug|Any CPU
		{272FEAD2-D847-4DA7-8E33-7D89D95EC8D2}.Debug|Any CPU.Build.0 = Debug|Any CPU
		{272FEAD2-D847-4DA7-8E33-7D89D95EC8D2}.Release|Any CPU.ActiveCfg = Release|Any CPU
		{272FEAD2-D847-4DA7-8E33-7D89D95EC8D2}.Release|Any CPU.Build.0 = Release|Any CPU
		{B5BD9B5A-025E-44C7-922A-976A06D91ACD}.Debug|Any CPU.ActiveCfg = Debug|Any CPU
		{B5BD9B5A-025E-44C7-922A-976A06D91ACD}.Debug|Any CPU.Build.0 = Debug|Any CPU
		{B5BD9B5A-025E-44C7-922A-976A06D91ACD}.Release|Any CPU.ActiveCfg = Release|Any CPU
		{B5BD9B5A-025E-44C7-922A-976A06D91ACD}.Release|Any CPU.Build.0 = Release|Any CPU
	EndGlobalSection
	GlobalSection(SolutionProperties) = preSolution
		HideSolutionNode = FALSE
	EndGlobalSection
	GlobalSection(NestedProjects) = preSolution
		{4FDB5445-5DAC-4D9B-B4A9-0719300D8697} = {4FE69F5B-415F-4652-AD84-2297772FDB4D}
		{614D86D6-C3DD-4BD8-A597-52D8A6EB1044} = {4FE69F5B-415F-4652-AD84-2297772FDB4D}
		{DFCD7D3F-ED91-4CEF-938D-9AD56E10B188} = {4FE69F5B-415F-4652-AD84-2297772FDB4D}
		{1405785D-6E57-4923-A0AE-10DC0F3745D9} = {4FE69F5B-415F-4652-AD84-2297772FDB4D}
		{EB5816B7-9C37-4A46-A947-BDC859B30798} = {611D8730-F64C-4100-8136-867C86FEF0C1}
		{611D8730-F64C-4100-8136-867C86FEF0C1} = {E5F9FB60-B975-47A6-BAC0-9D117851926B}
		{DC5DD344-A711-4FB6-91D3-5733063F03EC} = {EB5816B7-9C37-4A46-A947-BDC859B30798}
		{6939FDCF-E6F2-41F4-A74D-AB44B9CF1BBD} = {EB5816B7-9C37-4A46-A947-BDC859B30798}
		{7608838E-4F64-4F7E-A53B-7FC9729992B4} = {EB5816B7-9C37-4A46-A947-BDC859B30798}
		{272FEAD2-D847-4DA7-8E33-7D89D95EC8D2} = {EB5816B7-9C37-4A46-A947-BDC859B30798}
		{5A18F193-D402-4AAC-BC8F-BE8EC8AE46C1} = {611D8730-F64C-4100-8136-867C86FEF0C1}
		{B5BD9B5A-025E-44C7-922A-976A06D91ACD} = {5A18F193-D402-4AAC-BC8F-BE8EC8AE46C1}
	EndGlobalSection
	GlobalSection(ExtensibilityGlobals) = postSolution
		SolutionGuid = {9CC4BEBA-048E-467D-9CA9-DB90775B49C9}
	EndGlobalSection
EndGlobal
